
Microsoft Visual Studio Solution File, Format Version 12.00
# Visual Studio Version 17
VisualStudioVersion = 17.3.32819.101
MinimumVisualStudioVersion = 10.0.40219.1
Project("{9A19103F-16F7-4668-BE54-9A1E7A4F7556}") = "WebsiteProjectCarpetMart", "WebsiteProjectCarpetMart.csproj", "{9DD8DC3D-EE9F-4FCA-86DC-C04A9E27F946}"
EndProject
Project("{9A19103F-16F7-4668-BE54-9A1E7A4F7556}") = "DataLibrary", "..\..\CodeLouisville\WebsiteProject\DataLibrary\DataLibrary.csproj", "{726C6E6B-6AB9-4065-9BC1-22C61028FE32}"
EndProject
Project("{00D1A9C2-B5F0-4AF3-8072-F6C62B433612}") = "WebsiteDatabase", "..\..\CodeLouisville\WebsiteProject\WebsiteDatabase\WebsiteDatabase.sqlproj", "{126A83CC-FDF9-43C4-94AA-E0DBBB1A86C2}"
EndProject
Global
	GlobalSection(SolutionConfigurationPlatforms) = preSolution
		Debug|Any CPU = Debug|Any CPU
		Release|Any CPU = Release|Any CPU
	EndGlobalSection
	GlobalSection(ProjectConfigurationPlatforms) = postSolution
		{9DD8DC3D-EE9F-4FCA-86DC-C04A9E27F946}.Debug|Any CPU.ActiveCfg = Debug|Any CPU
		{9DD8DC3D-EE9F-4FCA-86DC-C04A9E27F946}.Debug|Any CPU.Build.0 = Debug|Any CPU
		{9DD8DC3D-EE9F-4FCA-86DC-C04A9E27F946}.Release|Any CPU.ActiveCfg = Release|Any CPU
		{9DD8DC3D-EE9F-4FCA-86DC-C04A9E27F946}.Release|Any CPU.Build.0 = Release|Any CPU
		{726C6E6B-6AB9-4065-9BC1-22C61028FE32}.Debug|Any CPU.ActiveCfg = Debug|Any CPU
		{726C6E6B-6AB9-4065-9BC1-22C61028FE32}.Debug|Any CPU.Build.0 = Debug|Any CPU
		{726C6E6B-6AB9-4065-9BC1-22C61028FE32}.Release|Any CPU.ActiveCfg = Release|Any CPU
		{726C6E6B-6AB9-4065-9BC1-22C61028FE32}.Release|Any CPU.Build.0 = Release|Any CPU
		{126A83CC-FDF9-43C4-94AA-E0DBBB1A86C2}.Debug|Any CPU.ActiveCfg = Debug|Any CPU
		{126A83CC-FDF9-43C4-94AA-E0DBBB1A86C2}.Debug|Any CPU.Build.0 = Debug|Any CPU
		{126A83CC-FDF9-43C4-94AA-E0DBBB1A86C2}.Debug|Any CPU.Deploy.0 = Debug|Any CPU
		{126A83CC-FDF9-43C4-94AA-E0DBBB1A86C2}.Release|Any CPU.ActiveCfg = Release|Any CPU
		{126A83CC-FDF9-43C4-94AA-E0DBBB1A86C2}.Release|Any CPU.Build.0 = Release|Any CPU
		{126A83CC-FDF9-43C4-94AA-E0DBBB1A86C2}.Release|Any CPU.Deploy.0 = Release|Any CPU
	EndGlobalSection
	GlobalSection(SolutionProperties) = preSolution
		HideSolutionNode = FALSE
	EndGlobalSection
	GlobalSection(ExtensibilityGlobals) = postSolution
		SolutionGuid = {D9B8B3CB-816D-41DB-A5EB-061969F22534}
	EndGlobalSection
EndGlobal
