
Microsoft Visual Studio Solution File, Format Version 12.00
# Visual Studio Version 17
VisualStudioVersion = 17.3.32819.101
MinimumVisualStudioVersion = 10.0.40219.1
Project("{FAE04EC0-301F-11D3-BF4B-00C04F79EFBC}") = "ConsoleApp1", "ConsoleApp1.csproj", "{2DD90894-CCBF-423A-A2B7-5BD24A6D0384}"
EndProject
Global
	GlobalSection(SolutionConfigurationPlatforms) = preSolution
		Debug|Any CPU = Debug|Any CPU
		Release|Any CPU = Release|Any CPU
	EndGlobalSection
	GlobalSection(ProjectConfigurationPlatforms) = postSolution
		{2DD90894-CCBF-423A-A2B7-5BD24A6D0384}.Debug|Any CPU.ActiveCfg = Debug|Any CPU
		{2DD90894-CCBF-423A-A2B7-5BD24A6D0384}.Debug|Any CPU.Build.0 = Debug|Any CPU
		{2DD90894-CCBF-423A-A2B7-5BD24A6D0384}.Release|Any CPU.ActiveCfg = Release|Any CPU
		{2DD90894-CCBF-423A-A2B7-5BD24A6D0384}.Release|Any CPU.Build.0 = Release|Any CPU
	EndGlobalSection
	GlobalSection(SolutionProperties) = preSolution
		HideSolutionNode = FALSE
	EndGlobalSection
	GlobalSection(ExtensibilityGlobals) = postSolution
		SolutionGuid = {CE98D59F-EC2C-4EE6-BF7A-F32C6CFB1886}
	EndGlobalSection
EndGlobal
